PODS:
  - AlphaMaskVideoPlayerView (0.6.0)

DEPENDENCIES:
  - AlphaMaskVideoPlayerView (from `../`)

EXTERNAL SOURCES:
  AlphaMaskVideoPlayerView:
    :path: ../

SPEC CHECKSUMS:
  AlphaMaskVideoPlayerView: 6d5c59cf682a0fca09359c290be0a30cb194bb8e

PODFILE CHECKSUM: 12be5b464d2f56bf9d80e69e1ba0bec3dfef4b54

COCOAPODS: 1.4.0.beta.2
