PODS:
  - AlphaMaskVideoPlayerView (0.1.0)

DEPENDENCIES:
  - AlphaMaskVideoPlayerView (from `../`)

EXTERNAL SOURCES:
  AlphaMaskVideoPlayerView:
    :path: ../

SPEC CHECKSUMS:
  AlphaMaskVideoPlayerView: f1c21c3e2ecc2a9cd893705f2340a173e9a92e9e

PODFILE CHECKSUM: 12be5b464d2f56bf9d80e69e1ba0bec3dfef4b54

COCOAPODS: 1.4.0.beta.2
