PODS:
  - AlphaMaskVideoPlayerView (0.11.0)

DEPENDENCIES:
  - AlphaMaskVideoPlayerView (from `../`)

EXTERNAL SOURCES:
  AlphaMaskVideoPlayerView:
    :path: "../"

SPEC CHECKSUMS:
  AlphaMaskVideoPlayerView: 7089c01fb88e05cc1c3857acda3843d2ae5534e2

PODFILE CHECKSUM: 12be5b464d2f56bf9d80e69e1ba0bec3dfef4b54

COCOAPODS: 1.5.3
